
Microsoft Visual Studio Solution File, Format Version 12.00
# Visual Studio Version 17
VisualStudioVersion = 17.13.35806.99 d17.13
MinimumVisualStudioVersion = 10.0.40219.1
Project("{FAE04EC0-301F-11D3-BF4B-00C04F79EFBC}") = "Questao3", "Questao3\Questao3.csproj", "{37D39528-B445-4FA8-9938-D06C1B7F3657}"
EndProject
Global
	GlobalSection(SolutionConfigurationPlatforms) = preSolution
		Debug|Any CPU = Debug|Any CPU
		Release|Any CPU = Release|Any CPU
	EndGlobalSection
	GlobalSection(ProjectConfigurationPlatforms) = postSolution
		{37D39528-B445-4FA8-9938-D06C1B7F3657}.Debug|Any CPU.ActiveCfg = Debug|Any CPU
		{37D39528-B445-4FA8-9938-D06C1B7F3657}.Debug|Any CPU.Build.0 = Debug|Any CPU
		{37D39528-B445-4FA8-9938-D06C1B7F3657}.Release|Any CPU.ActiveCfg = Release|Any CPU
		{37D39528-B445-4FA8-9938-D06C1B7F3657}.Release|Any CPU.Build.0 = Release|Any CPU
	EndGlobalSection
	GlobalSection(SolutionProperties) = preSolution
		HideSolutionNode = FALSE
	EndGlobalSection
	GlobalSection(ExtensibilityGlobals) = postSolution
		SolutionGuid = {14E770F9-5A86-4EB3-A4DF-1EFFB029EDDF}
	EndGlobalSection
EndGlobal
